
Microsoft Visual Studio Solution File, Format Version 12.00
# Visual Studio 15
VisualStudioVersion = 15.0.28010.2036
MinimumVisualStudioVersion = 10.0.40219.1
Project("{FAE04EC0-301F-11D3-BF4B-00C04F79EFBC}") = "Estimating Integral", "Estimating Integral\Estimating Integral.csproj", "{33A749CA-3FE1-4467-8DBA-4FAA77868126}"
EndProject
Global
	GlobalSection(SolutionConfigurationPlatforms) = preSolution
		Debug|Any CPU = Debug|Any CPU
		Release|Any CPU = Release|Any CPU
	EndGlobalSection
	GlobalSection(ProjectConfigurationPlatforms) = postSolution
		{33A749CA-3FE1-4467-8DBA-4FAA77868126}.Debug|Any CPU.ActiveCfg = Debug|Any CPU
		{33A749CA-3FE1-4467-8DBA-4FAA77868126}.Debug|Any CPU.Build.0 = Debug|Any CPU
		{33A749CA-3FE1-4467-8DBA-4FAA77868126}.Release|Any CPU.ActiveCfg = Release|Any CPU
		{33A749CA-3FE1-4467-8DBA-4FAA77868126}.Release|Any CPU.Build.0 = Release|Any CPU
	EndGlobalSection
	GlobalSection(SolutionProperties) = preSolution
		HideSolutionNode = FALSE
	EndGlobalSection
	GlobalSection(ExtensibilityGlobals) = postSolution
		SolutionGuid = {57AA2A25-3B97-436A-A7E7-E328832911E8}
	EndGlobalSection
EndGlobal
