
Microsoft Visual Studio Solution File, Format Version 12.00
# Visual Studio Version 16
VisualStudioVersion = 16.0.28803.202
MinimumVisualStudioVersion = 10.0.40219.1
Project("{FAE04EC0-301F-11D3-BF4B-00C04F79EFBC}") = "6PigLatin", "6PigLatin\6PigLatin.csproj", "{0248D3BC-06EC-4857-A019-E0A4AAE735B7}"
EndProject
Global
	GlobalSection(SolutionConfigurationPlatforms) = preSolution
		Debug|Any CPU = Debug|Any CPU
		Release|Any CPU = Release|Any CPU
	EndGlobalSection
	GlobalSection(ProjectConfigurationPlatforms) = postSolution
		{0248D3BC-06EC-4857-A019-E0A4AAE735B7}.Debug|Any CPU.ActiveCfg = Debug|Any CPU
		{0248D3BC-06EC-4857-A019-E0A4AAE735B7}.Debug|Any CPU.Build.0 = Debug|Any CPU
		{0248D3BC-06EC-4857-A019-E0A4AAE735B7}.Release|Any CPU.ActiveCfg = Release|Any CPU
		{0248D3BC-06EC-4857-A019-E0A4AAE735B7}.Release|Any CPU.Build.0 = Release|Any CPU
	EndGlobalSection
	GlobalSection(SolutionProperties) = preSolution
		HideSolutionNode = FALSE
	EndGlobalSection
	GlobalSection(ExtensibilityGlobals) = postSolution
		SolutionGuid = {EA6F895D-0757-48FD-AD46-E401CD0D2822}
	EndGlobalSection
	GlobalSection(TeamFoundationVersionControl) = preSolution
		SccNumberOfProjects = 2
		SccEnterpriseProvider = {4CA58AB2-18FA-4F8D-95D4-32DDF27D184C}
		SccTeamFoundationServer = https://cisteam.otc.edu/tfs/cn0897437
		SccLocalPath0 = .
		SccProjectUniqueName1 = 6PigLatin\\6PigLatin.csproj
		SccProjectName1 = 6PigLatin
		SccLocalPath1 = 6PigLatin
	EndGlobalSection
EndGlobal
