
Microsoft Visual Studio Solution File, Format Version 12.00
# Visual Studio 15
VisualStudioVersion = 15.0.28010.2036
MinimumVisualStudioVersion = 10.0.40219.1
Project("{FAE04EC0-301F-11D3-BF4B-00C04F79EFBC}") = "Survey Form", "Survey Form\Survey Form.csproj", "{AEEF0DE2-BE21-495C-8822-5E021C3118F5}"
EndProject
Global
	GlobalSection(SolutionConfigurationPlatforms) = preSolution
		Debug|Any CPU = Debug|Any CPU
		Release|Any CPU = Release|Any CPU
	EndGlobalSection
	GlobalSection(ProjectConfigurationPlatforms) = postSolution
		{AEEF0DE2-BE21-495C-8822-5E021C3118F5}.Debug|Any CPU.ActiveCfg = Debug|Any CPU
		{AEEF0DE2-BE21-495C-8822-5E021C3118F5}.Debug|Any CPU.Build.0 = Debug|Any CPU
		{AEEF0DE2-BE21-495C-8822-5E021C3118F5}.Release|Any CPU.ActiveCfg = Release|Any CPU
		{AEEF0DE2-BE21-495C-8822-5E021C3118F5}.Release|Any CPU.Build.0 = Release|Any CPU
	EndGlobalSection
	GlobalSection(SolutionProperties) = preSolution
		HideSolutionNode = FALSE
	EndGlobalSection
	GlobalSection(ExtensibilityGlobals) = postSolution
		SolutionGuid = {014B1945-094D-4C91-B2BE-3928533BEC63}
	EndGlobalSection
	GlobalSection(TeamFoundationVersionControl) = preSolution
		SccNumberOfProjects = 2
		SccEnterpriseProvider = {4CA58AB2-18FA-4F8D-95D4-32DDF27D184C}
		SccTeamFoundationServer = https://cisteam.otc.edu/tfs/cn0897437
		SccLocalPath0 = .
		SccProjectUniqueName1 = Survey\u0020Form\\Survey\u0020Form.csproj
		SccProjectName1 = Survey\u0020Form
		SccLocalPath1 = Survey\u0020Form
	EndGlobalSection
EndGlobal
