
Microsoft Visual Studio Solution File, Format Version 12.00
# Visual Studio 15
VisualStudioVersion = 15.0.28307.779
MinimumVisualStudioVersion = 10.0.40219.1
Project("{FAE04EC0-301F-11D3-BF4B-00C04F79EFBC}") = "GameTester", "GameTester\GameTester.csproj", "{F8A8F4C6-F1D1-4FF5-AC25-0F8DD45E50A0}"
EndProject
Global
	GlobalSection(SolutionConfigurationPlatforms) = preSolution
		Debug|Any CPU = Debug|Any CPU
		Release|Any CPU = Release|Any CPU
	EndGlobalSection
	GlobalSection(ProjectConfigurationPlatforms) = postSolution
		{F8A8F4C6-F1D1-4FF5-AC25-0F8DD45E50A0}.Debug|Any CPU.ActiveCfg = Debug|Any CPU
		{F8A8F4C6-F1D1-4FF5-AC25-0F8DD45E50A0}.Debug|Any CPU.Build.0 = Debug|Any CPU
		{F8A8F4C6-F1D1-4FF5-AC25-0F8DD45E50A0}.Release|Any CPU.ActiveCfg = Release|Any CPU
		{F8A8F4C6-F1D1-4FF5-AC25-0F8DD45E50A0}.Release|Any CPU.Build.0 = Release|Any CPU
	EndGlobalSection
	GlobalSection(SolutionProperties) = preSolution
		HideSolutionNode = FALSE
	EndGlobalSection
	GlobalSection(ExtensibilityGlobals) = postSolution
		SolutionGuid = {DE49C749-581F-4947-88D2-883B916F3FDE}
	EndGlobalSection
	GlobalSection(TeamFoundationVersionControl) = preSolution
		SccNumberOfProjects = 2
		SccEnterpriseProvider = {4CA58AB2-18FA-4F8D-95D4-32DDF27D184C}
		SccTeamFoundationServer = https://cisteam.otc.edu/tfs/cn0897437
		SccLocalPath0 = .
		SccProjectUniqueName1 = GameTester\\GameTester.csproj
		SccProjectName1 = GameTester
		SccLocalPath1 = GameTester
	EndGlobalSection
EndGlobal
