
Microsoft Visual Studio Solution File, Format Version 12.00
# Visual Studio 15
VisualStudioVersion = 15.0.28307.779
MinimumVisualStudioVersion = 10.0.40219.1
Project("{FAE04EC0-301F-11D3-BF4B-00C04F79EFBC}") = "Ch23WCFServices", "Ch23WCFServices\Ch23WCFServices.csproj", "{BA5AF86A-FE9E-44C8-A434-16B7F3BE910D}"
EndProject
Global
	GlobalSection(SolutionConfigurationPlatforms) = preSolution
		Debug|Any CPU = Debug|Any CPU
		Release|Any CPU = Release|Any CPU
	EndGlobalSection
	GlobalSection(ProjectConfigurationPlatforms) = postSolution
		{BA5AF86A-FE9E-44C8-A434-16B7F3BE910D}.Debug|Any CPU.ActiveCfg = Debug|Any CPU
		{BA5AF86A-FE9E-44C8-A434-16B7F3BE910D}.Debug|Any CPU.Build.0 = Debug|Any CPU
		{BA5AF86A-FE9E-44C8-A434-16B7F3BE910D}.Release|Any CPU.ActiveCfg = Release|Any CPU
		{BA5AF86A-FE9E-44C8-A434-16B7F3BE910D}.Release|Any CPU.Build.0 = Release|Any CPU
	EndGlobalSection
	GlobalSection(SolutionProperties) = preSolution
		HideSolutionNode = FALSE
	EndGlobalSection
	GlobalSection(ExtensibilityGlobals) = postSolution
		SolutionGuid = {05ED972A-C735-42D6-9B67-E1674F530E11}
	EndGlobalSection
	GlobalSection(TeamFoundationVersionControl) = preSolution
		SccNumberOfProjects = 2
		SccEnterpriseProvider = {4CA58AB2-18FA-4F8D-95D4-32DDF27D184C}
		SccTeamFoundationServer = https://cisteam.otc.edu/tfs/cn0897437
		SccLocalPath0 = .
		SccProjectUniqueName1 = Ch23WCFServices\\Ch23WCFServices.csproj
		SccProjectName1 = Ch23WCFServices
		SccLocalPath1 = Ch23WCFServices
	EndGlobalSection
EndGlobal
