
Microsoft Visual Studio Solution File, Format Version 12.00
# Visual Studio 15
VisualStudioVersion = 15.0.28010.2036
MinimumVisualStudioVersion = 10.0.40219.1
Project("{FAE04EC0-301F-11D3-BF4B-00C04F79EFBC}") = "leapyear", "leapyear\leapyear.csproj", "{EE4D1793-D0D6-428C-B235-307D2990FD07}"
EndProject
Global
	GlobalSection(SolutionConfigurationPlatforms) = preSolution
		Debug|Any CPU = Debug|Any CPU
		Release|Any CPU = Release|Any CPU
	EndGlobalSection
	GlobalSection(ProjectConfigurationPlatforms) = postSolution
		{EE4D1793-D0D6-428C-B235-307D2990FD07}.Debug|Any CPU.ActiveCfg = Debug|Any CPU
		{EE4D1793-D0D6-428C-B235-307D2990FD07}.Debug|Any CPU.Build.0 = Debug|Any CPU
		{EE4D1793-D0D6-428C-B235-307D2990FD07}.Release|Any CPU.ActiveCfg = Release|Any CPU
		{EE4D1793-D0D6-428C-B235-307D2990FD07}.Release|Any CPU.Build.0 = Release|Any CPU
	EndGlobalSection
	GlobalSection(SolutionProperties) = preSolution
		HideSolutionNode = FALSE
	EndGlobalSection
	GlobalSection(ExtensibilityGlobals) = postSolution
		SolutionGuid = {3BB31775-0F11-49EA-AB14-C23896B45DAE}
	EndGlobalSection
EndGlobal
