
Microsoft Visual Studio Solution File, Format Version 12.00
# Visual Studio 15
VisualStudioVersion = 15.0.28307.852
MinimumVisualStudioVersion = 10.0.40219.1
Project("{FAE04EC0-301F-11D3-BF4B-00C04F79EFBC}") = "7-1BucketSort", "7-1BucketSort\7-1BucketSort.csproj", "{B70C7289-4B42-4AB8-9ECE-8E21CF5012D6}"
EndProject
Global
	GlobalSection(SolutionConfigurationPlatforms) = preSolution
		Debug|Any CPU = Debug|Any CPU
		Release|Any CPU = Release|Any CPU
	EndGlobalSection
	GlobalSection(ProjectConfigurationPlatforms) = postSolution
		{B70C7289-4B42-4AB8-9ECE-8E21CF5012D6}.Debug|Any CPU.ActiveCfg = Debug|Any CPU
		{B70C7289-4B42-4AB8-9ECE-8E21CF5012D6}.Debug|Any CPU.Build.0 = Debug|Any CPU
		{B70C7289-4B42-4AB8-9ECE-8E21CF5012D6}.Release|Any CPU.ActiveCfg = Release|Any CPU
		{B70C7289-4B42-4AB8-9ECE-8E21CF5012D6}.Release|Any CPU.Build.0 = Release|Any CPU
	EndGlobalSection
	GlobalSection(SolutionProperties) = preSolution
		HideSolutionNode = FALSE
	EndGlobalSection
	GlobalSection(ExtensibilityGlobals) = postSolution
		SolutionGuid = {2303BE04-9FC0-4F6F-BEA4-BACD423B72D5}
	EndGlobalSection
	GlobalSection(TeamFoundationVersionControl) = preSolution
		SccNumberOfProjects = 2
		SccEnterpriseProvider = {4CA58AB2-18FA-4F8D-95D4-32DDF27D184C}
		SccTeamFoundationServer = https://cisteam.otc.edu/tfs/cn0897437
		SccLocalPath0 = .
		SccProjectUniqueName1 = 7-1BucketSort\\7-1BucketSort.csproj
		SccProjectName1 = 7-1BucketSort
		SccLocalPath1 = 7-1BucketSort
	EndGlobalSection
EndGlobal
