
Microsoft Visual Studio Solution File, Format Version 12.00
# Visual Studio 15
VisualStudioVersion = 15.0.28307.779
MinimumVisualStudioVersion = 10.0.40219.1
Project("{FAE04EC0-301F-11D3-BF4B-00C04F79EFBC}") = "Exam2", "Exam2\Exam2.csproj", "{104F32D2-E14C-4DA4-862E-81BACF57BFB5}"
EndProject
Project("{2150E333-8FDC-42A3-9474-1A3956D46DE8}") = "Solution Items", "Solution Items", "{AB1F83E9-71B9-4DC7-AAC8-2DBB68F9B1B3}"
	ProjectSection(SolutionItems) = preProject
		Tickets.xml = Tickets.xml
	EndProjectSection
EndProject
Global
	GlobalSection(SolutionConfigurationPlatforms) = preSolution
		Debug|Any CPU = Debug|Any CPU
		Release|Any CPU = Release|Any CPU
	EndGlobalSection
	GlobalSection(ProjectConfigurationPlatforms) = postSolution
		{104F32D2-E14C-4DA4-862E-81BACF57BFB5}.Debug|Any CPU.ActiveCfg = Debug|Any CPU
		{104F32D2-E14C-4DA4-862E-81BACF57BFB5}.Debug|Any CPU.Build.0 = Debug|Any CPU
		{104F32D2-E14C-4DA4-862E-81BACF57BFB5}.Release|Any CPU.ActiveCfg = Release|Any CPU
		{104F32D2-E14C-4DA4-862E-81BACF57BFB5}.Release|Any CPU.Build.0 = Release|Any CPU
	EndGlobalSection
	GlobalSection(SolutionProperties) = preSolution
		HideSolutionNode = FALSE
	EndGlobalSection
	GlobalSection(ExtensibilityGlobals) = postSolution
		SolutionGuid = {B3B57B2F-F968-42CB-A2D2-FB8CE8C3B674}
	EndGlobalSection
	GlobalSection(TeamFoundationVersionControl) = preSolution
		SccNumberOfProjects = 2
		SccEnterpriseProvider = {4CA58AB2-18FA-4F8D-95D4-32DDF27D184C}
		SccTeamFoundationServer = https://cisteam.otc.edu/tfs/cn0897437
		SccLocalPath0 = .
		SccProjectUniqueName1 = Exam2\\Exam2.csproj
		SccProjectName1 = Exam2
		SccLocalPath1 = Exam2
	EndGlobalSection
EndGlobal
