
Microsoft Visual Studio Solution File, Format Version 12.00
# Visual Studio 15
VisualStudioVersion = 15.0.28307.852
MinimumVisualStudioVersion = 10.0.40219.1
Project("{FAE04EC0-301F-11D3-BF4B-00C04F79EFBC}") = "7LibraryXML", "7LibraryXML\7LibraryXML.csproj", "{CCB8CBB8-FA9A-4077-AFFA-C97EB915F144}"
EndProject
Project("{2150E333-8FDC-42A3-9474-1A3956D46DE8}") = "Solution Items", "Solution Items", "{8FFD3B34-E8EF-426F-8633-B6A703CA1E1F}"
	ProjectSection(SolutionItems) = preProject
		BooksList.xml = BooksList.xml
	EndProjectSection
EndProject
Global
	GlobalSection(SolutionConfigurationPlatforms) = preSolution
		Debug|Any CPU = Debug|Any CPU
		Release|Any CPU = Release|Any CPU
	EndGlobalSection
	GlobalSection(ProjectConfigurationPlatforms) = postSolution
		{CCB8CBB8-FA9A-4077-AFFA-C97EB915F144}.Debug|Any CPU.ActiveCfg = Debug|Any CPU
		{CCB8CBB8-FA9A-4077-AFFA-C97EB915F144}.Debug|Any CPU.Build.0 = Debug|Any CPU
		{CCB8CBB8-FA9A-4077-AFFA-C97EB915F144}.Release|Any CPU.ActiveCfg = Release|Any CPU
		{CCB8CBB8-FA9A-4077-AFFA-C97EB915F144}.Release|Any CPU.Build.0 = Release|Any CPU
	EndGlobalSection
	GlobalSection(SolutionProperties) = preSolution
		HideSolutionNode = FALSE
	EndGlobalSection
	GlobalSection(ExtensibilityGlobals) = postSolution
		SolutionGuid = {971BD972-BD3F-47BB-9E41-C2944AC180CD}
	EndGlobalSection
	GlobalSection(TeamFoundationVersionControl) = preSolution
		SccNumberOfProjects = 2
		SccEnterpriseProvider = {4CA58AB2-18FA-4F8D-95D4-32DDF27D184C}
		SccTeamFoundationServer = https://cisteam.otc.edu/tfs/cn0897437
		SccLocalPath0 = .
		SccProjectUniqueName1 = 7LibraryXML\\7LibraryXML.csproj
		SccProjectName1 = 7LibraryXML
		SccLocalPath1 = 7LibraryXML
	EndGlobalSection
EndGlobal
