
Microsoft Visual Studio Solution File, Format Version 12.00
# Visual Studio 15
VisualStudioVersion = 15.0.28307.779
MinimumVisualStudioVersion = 10.0.40219.1
Project("{FAE04EC0-301F-11D3-BF4B-00C04F79EFBC}") = "CounterSort", "CounterSort\CounterSort.csproj", "{845A8C63-DF42-49B8-946C-F821AE2F80F3}"
EndProject
Global
	GlobalSection(SolutionConfigurationPlatforms) = preSolution
		Debug|Any CPU = Debug|Any CPU
		Release|Any CPU = Release|Any CPU
	EndGlobalSection
	GlobalSection(ProjectConfigurationPlatforms) = postSolution
		{845A8C63-DF42-49B8-946C-F821AE2F80F3}.Debug|Any CPU.ActiveCfg = Debug|Any CPU
		{845A8C63-DF42-49B8-946C-F821AE2F80F3}.Debug|Any CPU.Build.0 = Debug|Any CPU
		{845A8C63-DF42-49B8-946C-F821AE2F80F3}.Release|Any CPU.ActiveCfg = Release|Any CPU
		{845A8C63-DF42-49B8-946C-F821AE2F80F3}.Release|Any CPU.Build.0 = Release|Any CPU
	EndGlobalSection
	GlobalSection(SolutionProperties) = preSolution
		HideSolutionNode = FALSE
	EndGlobalSection
	GlobalSection(ExtensibilityGlobals) = postSolution
		SolutionGuid = {861A1BD1-5ABD-4359-BF47-931765337092}
	EndGlobalSection
	GlobalSection(TeamFoundationVersionControl) = preSolution
		SccNumberOfProjects = 2
		SccEnterpriseProvider = {4CA58AB2-18FA-4F8D-95D4-32DDF27D184C}
		SccTeamFoundationServer = https://cisteam.otc.edu/tfs/cn0897437
		SccLocalPath0 = .
		SccProjectUniqueName1 = CounterSort\\CounterSort.csproj
		SccProjectName1 = CounterSort
		SccLocalPath1 = CounterSort
	EndGlobalSection
EndGlobal
