
Microsoft Visual Studio Solution File, Format Version 12.00
# Visual Studio 15
VisualStudioVersion = 15.0.28307.779
MinimumVisualStudioVersion = 10.0.40219.1
Project("{FAE04EC0-301F-11D3-BF4B-00C04F79EFBC}") = "SortUtil", "SortUtil\SortUtil.csproj", "{5EDF3D35-441E-4D35-A4DB-74ABE245C838}"
EndProject
Global
	GlobalSection(SolutionConfigurationPlatforms) = preSolution
		Debug|Any CPU = Debug|Any CPU
		Release|Any CPU = Release|Any CPU
	EndGlobalSection
	GlobalSection(ProjectConfigurationPlatforms) = postSolution
		{5EDF3D35-441E-4D35-A4DB-74ABE245C838}.Debug|Any CPU.ActiveCfg = Debug|Any CPU
		{5EDF3D35-441E-4D35-A4DB-74ABE245C838}.Debug|Any CPU.Build.0 = Debug|Any CPU
		{5EDF3D35-441E-4D35-A4DB-74ABE245C838}.Release|Any CPU.ActiveCfg = Release|Any CPU
		{5EDF3D35-441E-4D35-A4DB-74ABE245C838}.Release|Any CPU.Build.0 = Release|Any CPU
	EndGlobalSection
	GlobalSection(SolutionProperties) = preSolution
		HideSolutionNode = FALSE
	EndGlobalSection
	GlobalSection(ExtensibilityGlobals) = postSolution
		SolutionGuid = {454BBB29-483B-43E8-8E33-D8743E1466A3}
	EndGlobalSection
	GlobalSection(TeamFoundationVersionControl) = preSolution
		SccNumberOfProjects = 2
		SccEnterpriseProvider = {4CA58AB2-18FA-4F8D-95D4-32DDF27D184C}
		SccTeamFoundationServer = https://cisteam.otc.edu/tfs/cn0897437
		SccLocalPath0 = .
		SccProjectUniqueName1 = SortUtil\\SortUtil.csproj
		SccProjectName1 = SortUtil
		SccLocalPath1 = SortUtil
	EndGlobalSection
EndGlobal
