
Microsoft Visual Studio Solution File, Format Version 12.00
# Visual Studio Version 16
VisualStudioVersion = 16.0.28803.202
MinimumVisualStudioVersion = 10.0.40219.1
Project("{FAE04EC0-301F-11D3-BF4B-00C04F79EFBC}") = "ShippingG5c", "ShippingG5c\ShippingG5c.csproj", "{02A08966-C058-4F62-B431-937EF38F7DB8}"
EndProject
Global
	GlobalSection(SolutionConfigurationPlatforms) = preSolution
		Debug|Any CPU = Debug|Any CPU
		Release|Any CPU = Release|Any CPU
	EndGlobalSection
	GlobalSection(ProjectConfigurationPlatforms) = postSolution
		{02A08966-C058-4F62-B431-937EF38F7DB8}.Debug|Any CPU.ActiveCfg = Debug|Any CPU
		{02A08966-C058-4F62-B431-937EF38F7DB8}.Debug|Any CPU.Build.0 = Debug|Any CPU
		{02A08966-C058-4F62-B431-937EF38F7DB8}.Release|Any CPU.ActiveCfg = Release|Any CPU
		{02A08966-C058-4F62-B431-937EF38F7DB8}.Release|Any CPU.Build.0 = Release|Any CPU
	EndGlobalSection
	GlobalSection(SolutionProperties) = preSolution
		HideSolutionNode = FALSE
	EndGlobalSection
	GlobalSection(ExtensibilityGlobals) = postSolution
		SolutionGuid = {3F7F3928-30DE-4B16-A1B4-70E48E936AFE}
	EndGlobalSection
	GlobalSection(TeamFoundationVersionControl) = preSolution
		SccNumberOfProjects = 2
		SccEnterpriseProvider = {4CA58AB2-18FA-4F8D-95D4-32DDF27D184C}
		SccTeamFoundationServer = https://dev.azure.com/rileyrefa19-101-5
		SccLocalPath0 = .
		SccProjectUniqueName1 = ShippingG5c\\ShippingG5c.csproj
		SccProjectName1 = ShippingG5c
		SccLocalPath1 = ShippingG5c
	EndGlobalSection
EndGlobal
