
Microsoft Visual Studio Solution File, Format Version 12.00
# Visual Studio 15
VisualStudioVersion = 15.0.28307.572
MinimumVisualStudioVersion = 10.0.40219.1
Project("{FAE04EC0-301F-11D3-BF4B-00C04F79EFBC}") = "SportsBase", "SportsBase\SportsBase.csproj", "{4B8D3E50-57D9-4A94-A27F-4DD42654070E}"
EndProject
Global
	GlobalSection(SolutionConfigurationPlatforms) = preSolution
		Debug|Any CPU = Debug|Any CPU
		Release|Any CPU = Release|Any CPU
	EndGlobalSection
	GlobalSection(ProjectConfigurationPlatforms) = postSolution
		{4B8D3E50-57D9-4A94-A27F-4DD42654070E}.Debug|Any CPU.ActiveCfg = Debug|Any CPU
		{4B8D3E50-57D9-4A94-A27F-4DD42654070E}.Debug|Any CPU.Build.0 = Debug|Any CPU
		{4B8D3E50-57D9-4A94-A27F-4DD42654070E}.Release|Any CPU.ActiveCfg = Release|Any CPU
		{4B8D3E50-57D9-4A94-A27F-4DD42654070E}.Release|Any CPU.Build.0 = Release|Any CPU
	EndGlobalSection
	GlobalSection(SolutionProperties) = preSolution
		HideSolutionNode = FALSE
	EndGlobalSection
	GlobalSection(ExtensibilityGlobals) = postSolution
		SolutionGuid = {7B7CBEA6-6C05-4362-AB0A-B6A9F5B24022}
	EndGlobalSection
	GlobalSection(TeamFoundationVersionControl) = preSolution
		SccNumberOfProjects = 2
		SccEnterpriseProvider = {4CA58AB2-18FA-4F8D-95D4-32DDF27D184C}
		SccTeamFoundationServer = https://cisteam.otc.edu/tfs/cn0897437
		SccLocalPath0 = .
		SccProjectUniqueName1 = SportsBase\\SportsBase.csproj
		SccProjectName1 = SportsBase
		SccLocalPath1 = SportsBase
	EndGlobalSection
EndGlobal
