
Microsoft Visual Studio Solution File, Format Version 12.00
# Visual Studio Version 16
VisualStudioVersion = 16.0.28803.202
MinimumVisualStudioVersion = 10.0.40219.1
Project("{FAE04EC0-301F-11D3-BF4B-00C04F79EFBC}") = "10FamilyDB", "10FamilyDB\10FamilyDB.csproj", "{D566AB17-47DE-4561-8B9B-5E0197703706}"
EndProject
Global
	GlobalSection(SolutionConfigurationPlatforms) = preSolution
		Debug|Any CPU = Debug|Any CPU
		Release|Any CPU = Release|Any CPU
	EndGlobalSection
	GlobalSection(ProjectConfigurationPlatforms) = postSolution
		{D566AB17-47DE-4561-8B9B-5E0197703706}.Debug|Any CPU.ActiveCfg = Debug|Any CPU
		{D566AB17-47DE-4561-8B9B-5E0197703706}.Debug|Any CPU.Build.0 = Debug|Any CPU
		{D566AB17-47DE-4561-8B9B-5E0197703706}.Release|Any CPU.ActiveCfg = Release|Any CPU
		{D566AB17-47DE-4561-8B9B-5E0197703706}.Release|Any CPU.Build.0 = Release|Any CPU
	EndGlobalSection
	GlobalSection(SolutionProperties) = preSolution
		HideSolutionNode = FALSE
	EndGlobalSection
	GlobalSection(ExtensibilityGlobals) = postSolution
		SolutionGuid = {7085BF15-624D-4964-BC3F-BD705AF7460C}
	EndGlobalSection
	GlobalSection(TeamFoundationVersionControl) = preSolution
		SccNumberOfProjects = 2
		SccEnterpriseProvider = {4CA58AB2-18FA-4F8D-95D4-32DDF27D184C}
		SccTeamFoundationServer = https://cisteam.otc.edu/tfs/cn0897437
		SccLocalPath0 = .
		SccProjectUniqueName1 = 10FamilyDB\\10FamilyDB.csproj
		SccProjectName1 = 10FamilyDB
		SccLocalPath1 = 10FamilyDB
	EndGlobalSection
EndGlobal
