
Microsoft Visual Studio Solution File, Format Version 12.00
# Visual Studio Version 16
VisualStudioVersion = 16.0.28803.202
MinimumVisualStudioVersion = 10.0.40219.1
Project("{FAE04EC0-301F-11D3-BF4B-00C04F79EFBC}") = "Final", "Final\Final.csproj", "{C9273A11-D8EA-4F73-9D25-0F6F0B331A4D}"
EndProject
Global
	GlobalSection(SolutionConfigurationPlatforms) = preSolution
		Debug|Any CPU = Debug|Any CPU
		Release|Any CPU = Release|Any CPU
	EndGlobalSection
	GlobalSection(ProjectConfigurationPlatforms) = postSolution
		{C9273A11-D8EA-4F73-9D25-0F6F0B331A4D}.Debug|Any CPU.ActiveCfg = Debug|Any CPU
		{C9273A11-D8EA-4F73-9D25-0F6F0B331A4D}.Debug|Any CPU.Build.0 = Debug|Any CPU
		{C9273A11-D8EA-4F73-9D25-0F6F0B331A4D}.Release|Any CPU.ActiveCfg = Release|Any CPU
		{C9273A11-D8EA-4F73-9D25-0F6F0B331A4D}.Release|Any CPU.Build.0 = Release|Any CPU
	EndGlobalSection
	GlobalSection(SolutionProperties) = preSolution
		HideSolutionNode = FALSE
	EndGlobalSection
	GlobalSection(ExtensibilityGlobals) = postSolution
		SolutionGuid = {BE33DE5F-53F9-47CC-ADBC-99ACAA88AC82}
	EndGlobalSection
	GlobalSection(TeamFoundationVersionControl) = preSolution
		SccNumberOfProjects = 2
		SccEnterpriseProvider = {4CA58AB2-18FA-4F8D-95D4-32DDF27D184C}
		SccTeamFoundationServer = https://cisteam.otc.edu/tfs/cn0897437
		SccLocalPath0 = .
		SccProjectUniqueName1 = Final\\Final.csproj
		SccProjectName1 = Final
		SccLocalPath1 = Final
	EndGlobalSection
EndGlobal
